// !$*UTF8*$!
{
	archiveVersion = 1;
	classes = {
	};
	objectVersion = 48;
	objects = {

/* Begin PBXBuildFile section */
		080BDE9920490B0D00CD3235 /* AppDelegate.swift in Sources */ = {isa = PBXBuildFile; fileRef = 080BDE9820490B0D00CD3235 /* AppDelegate.swift */; };
		080BDE9B20490B0D00CD3235 /* ViewController.swift in Sources */ = {isa = PBXBuildFile; fileRef = 080BDE9A20490B0D00CD3235 /* ViewController.swift */; };
		080BDE9E20490B0D00CD3235 /* Main.storyboard in Resources */ = {isa = PBXBuildFile; fileRef = 080BDE9C20490B0D00CD3235 /* Main.storyboard */; };
		080BDEA020490B0D00CD3235 /* Assets.xcassets in Resources */ = {isa = PBXBuildFile; fileRef = 080BDE9F20490B0D00CD3235 /* Assets.xcassets */; };
		080BDEA320490B0D00CD3235 /* LaunchScreen.storyboard in Resources */ = {isa = PBXBuildFile; fileRef = 080BDEA120490B0D00CD3235 /* LaunchScreen.storyboard */; };
		080BDEAB20490DC600CD3235 /* Account.swift in Sources */ = {isa = PBXBuildFile; fileRef = 080BDEAA20490DC600CD3235 /* Account.swift */; };
		080BDEAE2049110100CD3235 /* KeychainSwift.framework in Frameworks */ = {isa = PBXBuildFile; fileRef = 080BDEAD2049110100CD3235 /* KeychainSwift.framework */; };
		94DC8DC92049D07A00F93135 /* AccountViewController.swift in Sources */ = {isa = PBXBuildFile; fileRef = 94DC8DC82049D07A00F93135 /* AccountViewController.swift */; };
		94DC8DCB204A808800F93135 /* Api.swift in Sources */ = {isa = PBXBuildFile; fileRef = 94DC8DCA204A808800F93135 /* Api.swift */; };
		94DC8DCD204AA30700F93135 /* IDZSwiftCommonCrypto.framework in Frameworks */ = {isa = PBXBuildFile; fileRef = 94DC8DCC204AA30600F93135 /* IDZSwiftCommonCrypto.framework */; };
		94DC8DCF204AC9D100F93135 /* QRScanViewController.swift in Sources */ = {isa = PBXBuildFile; fileRef = 94DC8DCE204AC9D100F93135 /* QRScanViewController.swift */; };
/* End PBXBuildFile section */

/* Begin PBXFileReference section */
		080BDE9520490B0D00CD3235 /* YunBuy.app */ = {isa = PBXFileReference; explicitFileType = wrapper.application; includeInIndex = 0; path = YunBuy.app; sourceTree = BUILT_PRODUCTS_DIR; };
		080BDE9820490B0D00CD3235 /* AppDelegate.swift */ = {isa = PBXFileReference; lastKnownFileType = sourcecode.swift; path = AppDelegate.swift; sourceTree = "<group>"; };
		080BDE9A20490B0D00CD3235 /* ViewController.swift */ = {isa = PBXFileReference; lastKnownFileType = sourcecode.swift; path = ViewController.swift; sourceTree = "<group>"; };
		080BDE9D20490B0D00CD3235 /* Base */ = {isa = PBXFileReference; lastKnownFileType = file.storyboard; name = Base; path = Base.lproj/Main.storyboard; sourceTree = "<group>"; };
		080BDE9F20490B0D00CD3235 /* Assets.xcassets */ = {isa = PBXFileReference; lastKnownFileType = folder.assetcatalog; path = Assets.xcassets; sourceTree = "<group>"; };
		080BDEA220490B0D00CD3235 /* Base */ = {isa = PBXFileReference; lastKnownFileType = file.storyboard; name = Base; path = Base.lproj/LaunchScreen.storyboard; sourceTree = "<group>"; };
		080BDEA420490B0D00CD3235 /* Info.plist */ = {isa = PBXFileReference; lastKnownFileType = text.plist.xml; path = Info.plist; sourceTree = "<group>"; };
		080BDEAA20490DC600CD3235 /* Account.swift */ = {isa = PBXFileReference; lastKnownFileType = sourcecode.swift; path = Account.swift; sourceTree = "<group>"; };
		080BDEAD2049110100CD3235 /* KeychainSwift.framework */ = {isa = PBXFileReference; lastKnownFileType = wrapper.framework; name = KeychainSwift.framework; path = Carthage/Build/iOS/KeychainSwift.framework; sourceTree = "<group>"; };
		94DC8DC82049D07A00F93135 /* AccountViewController.swift */ = {isa = PBXFileReference; lastKnownFileType = sourcecode.swift; path = AccountViewController.swift; sourceTree = "<group>"; };
		94DC8DCA204A808800F93135 /* Api.swift */ = {isa = PBXFileReference; lastKnownFileType = sourcecode.swift; path = Api.swift; sourceTree = "<group>"; };
		94DC8DCC204AA30600F93135 /* IDZSwiftCommonCrypto.framework */ = {isa = PBXFileReference; lastKnownFileType = wrapper.framework; name = IDZSwiftCommonCrypto.framework; path = Carthage/Build/iOS/IDZSwiftCommonCrypto.framework; sourceTree = "<group>"; };
		94DC8DCE204AC9D100F93135 /* QRScanViewController.swift */ = {isa = PBXFileReference; lastKnownFileType = sourcecode.swift; path = QRScanViewController.swift; sourceTree = "<group>"; };
/* End PBXFileReference section */

/* Begin PBXFrameworksBuildPhase section */
		080BDE9220490B0C00CD3235 /* Frameworks */ = {
			isa = PBXFrameworksBuildPhase;
			buildActionMask = 2147483647;
			files = (
				080BDEAE2049110100CD3235 /* KeychainSwift.framework in Frameworks */,
				94DC8DCD204AA30700F93135 /* IDZSwiftCommonCrypto.framework in Frameworks */,
			);
			runOnlyForDeploymentPostprocessing = 0;
		};
/* End PBXFrameworksBuildPhase section */

/* Begin PBXGroup section */
		080BDE8C20490B0C00CD3235 = {
			isa = PBXGroup;
			children = (
				080BDE9720490B0D00CD3235 /* YunBuy */,
				080BDE9620490B0D00CD3235 /* Products */,
				080BDEAC2049110100CD3235 /* Frameworks */,
			);
			sourceTree = "<group>";
		};
		080BDE9620490B0D00CD3235 /* Products */ = {
			isa = PBXGroup;
			children = (
				080BDE9520490B0D00CD3235 /* YunBuy.app */,
			);
			name = Products;
			sourceTree = "<group>";
		};
		080BDE9720490B0D00CD3235 /* YunBuy */ = {
			isa = PBXGroup;
			children = (
				080BDE9820490B0D00CD3235 /* AppDelegate.swift */,
				080BDE9A20490B0D00CD3235 /* ViewController.swift */,
				080BDE9C20490B0D00CD3235 /* Main.storyboard */,
				94DC8DC82049D07A00F93135 /* AccountViewController.swift */,
				080BDE9F20490B0D00CD3235 /* Assets.xcassets */,
				080BDEA120490B0D00CD3235 /* LaunchScreen.storyboard */,
				080BDEA420490B0D00CD3235 /* Info.plist */,
				080BDEAA20490DC600CD3235 /* Account.swift */,
				94DC8DCA204A808800F93135 /* Api.swift */,
				94DC8DCE204AC9D100F93135 /* QRScanViewController.swift */,
			);
			path = YunBuy;
			sourceTree = "<group>";
		};
		080BDEAC2049110100CD3235 /* Frameworks */ = {
			isa = PBXGroup;
			children = (
				94DC8DCC204AA30600F93135 /* IDZSwiftCommonCrypto.framework */,
				080BDEAD2049110100CD3235 /* KeychainSwift.framework */,
			);
			name = Frameworks;
			sourceTree = "<group>";
		};
/* End PBXGroup section */

/* Begin PBXNativeTarget section */
		080BDE9420490B0C00CD3235 /* YunBuy */ = {
			isa = PBXNativeTarget;
			buildConfigurationList = 080BDEA720490B0D00CD3235 /* Build configuration list for PBXNativeTarget "YunBuy" */;
			buildPhases = (
				080BDE9120490B0C00CD3235 /* Sources */,
				080BDE9220490B0C00CD3235 /* Frameworks */,
				080BDE9320490B0C00CD3235 /* Resources */,
				080BDEAF2049112500CD3235 /* ShellScript */,
			);
			buildRules = (
			);
			dependencies = (
			);
			name = YunBuy;
			productName = YunBuy;
			productReference = 080BDE9520490B0D00CD3235 /* YunBuy.app */;
			productType = "com.apple.product-type.application";
		};
/* End PBXNativeTarget section */

/* Begin PBXProject section */
		080BDE8D20490B0C00CD3235 /* Project object */ = {
			isa = PBXProject;
			attributes = {
				LastSwiftUpdateCheck = 0920;
				LastUpgradeCheck = 0920;
				ORGANIZATIONNAME = "Jia Tian";
				TargetAttributes = {
					080BDE9420490B0C00CD3235 = {
						CreatedOnToolsVersion = 9.2;
						ProvisioningStyle = Automatic;
					};
				};
			};
			buildConfigurationList = 080BDE9020490B0C00CD3235 /* Build configuration list for PBXProject "YunBuy" */;
			compatibilityVersion = "Xcode 8.0";
			developmentRegion = en;
			hasScannedForEncodings = 0;
			knownRegions = (
				en,
				Base,
			);
			mainGroup = 080BDE8C20490B0C00CD3235;
			productRefGroup = 080BDE9620490B0D00CD3235 /* Products */;
			projectDirPath = "";
			projectRoot = "";
			targets = (
				080BDE9420490B0C00CD3235 /* YunBuy */,
			);
		};
/* End PBXProject section */

/* Begin PBXResourcesBuildPhase section */
		080BDE9320490B0C00CD3235 /* Resources */ = {
			isa = PBXResourcesBuildPhase;
			buildActionMask = 2147483647;
			files = (
				080BDEA320490B0D00CD3235 /* LaunchScreen.storyboard in Resources */,
				080BDEA020490B0D00CD3235 /* Assets.xcassets in Resources */,
				080BDE9E20490B0D00CD3235 /* Main.storyboard in Resources */,
			);
			runOnlyForDeploymentPostprocessing = 0;
		};
/* End PBXResourcesBuildPhase section */

/* Begin PBXShellScriptBuildPhase section */
		080BDEAF2049112500CD3235 /* ShellScript */ = {
			isa = PBXShellScriptBuildPhase;
			buildActionMask = 2147483647;
			files = (
			);
			inputPaths = (
				"$(SRCROOT)/Carthage/Build/iOS/KeychainSwift.framework",
				"$(SRCROOT)/Carthage/Build/iOS/IDZSwiftCommonCrypto.framework",
			);
			outputPaths = (
			);
			runOnlyForDeploymentPostprocessing = 0;
			shellPath = /bin/sh;
			shellScript = "/usr/local/bin/carthage copy-frameworks";
		};
/* End PBXShellScriptBuildPhase section */

/* Begin PBXSourcesBuildPhase section */
		080BDE9120490B0C00CD3235 /* Sources */ = {
			isa = PBXSourcesBuildPhase;
			buildActionMask = 2147483647;
			files = (
				94DC8DCF204AC9D100F93135 /* QRScanViewController.swift in Sources */,
				080BDE9B20490B0D00CD3235 /* ViewController.swift in Sources */,
				080BDE9920490B0D00CD3235 /* AppDelegate.swift in Sources */,
				94DC8DC92049D07A00F93135 /* AccountViewController.swift in Sources */,
				94DC8DCB204A808800F93135 /* Api.swift in Sources */,
				080BDEAB20490DC600CD3235 /* Account.swift in Sources */,
			);
			runOnlyForDeploymentPostprocessing = 0;
		};
/* End PBXSourcesBuildPhase section */

/* Begin PBXVariantGroup section */
		080BDE9C20490B0D00CD3235 /* Main.storyboard */ = {
			isa = PBXVariantGroup;
			children = (
				080BDE9D20490B0D00CD3235 /* Base */,
			);
			name = Main.storyboard;
			sourceTree = "<group>";
		};
		080BDEA120490B0D00CD3235 /* LaunchScreen.storyboard */ = {
			isa = PBXVariantGroup;
			children = (
				080BDEA220490B0D00CD3235 /* Base */,
			);
			name = LaunchScreen.storyboard;
			sourceTree = "<group>";
		};
/* End PBXVariantGroup section */

/* Begin XCBuildConfiguration section */
		080BDEA520490B0D00CD3235 /* Debug */ = {
			isa = XCBuildConfiguration;
			buildSettings = {
				ALWAYS_SEARCH_USER_PATHS = NO;
				CLANG_ANALYZER_NONNULL = YES;
				CLANG_ANALYZER_NUMBER_OBJECT_CONVERSION = YES_AGGRESSIVE;
				CLANG_CXX_LANGUAGE_STANDARD = "gnu++14";
				CLANG_CXX_LIBRARY = "libc++";
				CLANG_ENABLE_MODULES = YES;
				CLANG_ENABLE_OBJC_ARC = YES;
				CLANG_WARN_BLOCK_CAPTURE_AUTORELEASING = YES;
				CLANG_WARN_BOOL_CONVERSION = YES;
				CLANG_WARN_COMMA = YES;
				CLANG_WARN_CONSTANT_CONVERSION = YES;
				CLANG_WARN_DIRECT_OBJC_ISA_USAGE = YES_ERROR;
				CLANG_WARN_DOCUMENTATION_COMMENTS = YES;
				CLANG_WARN_EMPTY_BODY = YES;
				CLANG_WARN_ENUM_CONVERSION = YES;
				CLANG_WARN_INFINITE_RECURSION = YES;
				CLANG_WARN_INT_CONVERSION = YES;
				CLANG_WARN_NON_LITERAL_NULL_CONVERSION = YES;
				CLANG_WARN_OBJC_LITERAL_CONVERSION = YES;
				CLANG_WARN_OBJC_ROOT_CLASS = YES_ERROR;
				CLANG_WARN_RANGE_LOOP_ANALYSIS = YES;
				CLANG_WARN_STRICT_PROTOTYPES = YES;
				CLANG_WARN_SUSPICIOUS_MOVE = YES;
				CLANG_WARN_UNGUARDED_AVAILABILITY = YES_AGGRESSIVE;
				CLANG_WARN_UNREACHABLE_CODE = YES;
				CLANG_WARN__DUPLICATE_METHOD_MATCH = YES;
				CODE_SIGN_IDENTITY = "iPhone Developer";
				COPY_PHASE_STRIP = NO;
				DEBUG_INFORMATION_FORMAT = dwarf;
				ENABLE_STRICT_OBJC_MSGSEND = YES;
				ENABLE_TESTABILITY = YES;
				GCC_C_LANGUAGE_STANDARD = gnu11;
				GCC_DYNAMIC_NO_PIC = NO;
				GCC_NO_COMMON_BLOCKS = YES;
				GCC_OPTIMIZATION_LEVEL = 0;
				GCC_PREPROCESSOR_DEFINITIONS = (
					"DEBUG=1",
					"$(inherited)",
				);
				GCC_WARN_64_TO_32_BIT_CONVERSION = YES;
				GCC_WARN_ABOUT_RETURN_TYPE = YES_ERROR;
				GCC_WARN_UNDECLARED_SELECTOR = YES;
				GCC_WARN_UNINITIALIZED_AUTOS = YES_AGGRESSIVE;
				GCC_WARN_UNUSED_FUNCTION = YES;
				GCC_WARN_UNUSED_VARIABLE = YES;
				IPHONEOS_DEPLOYMENT_TARGET = 11.2;
				MTL_ENABLE_DEBUG_INFO = YES;
				ONLY_ACTIVE_ARCH = YES;
				SDKROOT = iphoneos;
				SWIFT_ACTIVE_COMPILATION_CONDITIONS = DEBUG;
				SWIFT_OPTIMIZATION_LEVEL = "-Onone";
			};
			name = Debug;
		};
		080BDEA620490B0D00CD3235 /* Release */ = {
			isa = XCBuildConfiguration;
			buildSettings = {
				ALWAYS_SEARCH_USER_PATHS = NO;
				CLANG_ANALYZER_NONNULL = YES;
				CLANG_ANALYZER_NUMBER_OBJECT_CONVERSION = YES_AGGRESSIVE;
				CLANG_CXX_LANGUAGE_STANDARD = "gnu++14";
				CLANG_CXX_LIBRARY = "libc++";
				CLANG_ENABLE_MODULES = YES;
				CLANG_ENABLE_OBJC_ARC = YES;
				CLANG_WARN_BLOCK_CAPTURE_AUTORELEASING = YES;
				CLANG_WARN_BOOL_CONVERSION = YES;
				CLANG_WARN_COMMA = YES;
				CLANG_WARN_CONSTANT_CONVERSION = YES;
				CLANG_WARN_DIRECT_OBJC_ISA_USAGE = YES_ERROR;
				CLANG_WARN_DOCUMENTATION_COMMENTS = YES;
				CLANG_WARN_EMPTY_BODY = YES;
				CLANG_WARN_ENUM_CONVERSION = YES;
				CLANG_WARN_INFINITE_RECURSION = YES;
				CLANG_WARN_INT_CONVERSION = YES;
				CLANG_WARN_NON_LITERAL_NULL_CONVERSION = YES;
				CLANG_WARN_OBJC_LITERAL_CONVERSION = YES;
				CLANG_WARN_OBJC_ROOT_CLASS = YES_ERROR;
				CLANG_WARN_RANGE_LOOP_ANALYSIS = YES;
				CLANG_WARN_STRICT_PROTOTYPES = YES;
				CLANG_WARN_SUSPICIOUS_MOVE = YES;
				CLANG_WARN_UNGUARDED_AVAILABILITY = YES_AGGRESSIVE;
				CLANG_WARN_UNREACHABLE_CODE = YES;
				CLANG_WARN__DUPLICATE_METHOD_MATCH = YES;
				CODE_SIGN_IDENTITY = "iPhone Developer";
				COPY_PHASE_STRIP = NO;
				DEBUG_INFORMATION_FORMAT = "dwarf-with-dsym";
				ENABLE_NS_ASSERTIONS = NO;
				ENABLE_STRICT_OBJC_MSGSEND = YES;
				GCC_C_LANGUAGE_STANDARD = gnu11;
				GCC_NO_COMMON_BLOCKS = YES;
				GCC_WARN_64_TO_32_BIT_CONVERSION = YES;
				GCC_WARN_ABOUT_RETURN_TYPE = YES_ERROR;
				GCC_WARN_UNDECLARED_SELECTOR = YES;
				GCC_WARN_UNINITIALIZED_AUTOS = YES_AGGRESSIVE;
				GCC_WARN_UNUSED_FUNCTION = YES;
				GCC_WARN_UNUSED_VARIABLE = YES;
				IPHONEOS_DEPLOYMENT_TARGET = 11.2;
				MTL_ENABLE_DEBUG_INFO = NO;
				SDKROOT = iphoneos;
				SWIFT_OPTIMIZATION_LEVEL = "-Owholemodule";
				VALIDATE_PRODUCT = YES;
			};
			name = Release;
		};
		080BDEA820490B0D00CD3235 /* Debug */ = {
			isa = XCBuildConfiguration;
			buildSettings = {
				ASSETCATALOG_COMPILER_APPICON_NAME = AppIcon;
				CODE_SIGN_STYLE = Automatic;
				DEVELOPMENT_TEAM = WNLN854CHM;
				FRAMEWORK_SEARCH_PATHS = (
					"$(inherited)",
					"$(PROJECT_DIR)/Carthage/Build/iOS",
				);
				INFOPLIST_FILE = YunBuy/Info.plist;
				LD_RUNPATH_SEARCH_PATHS = "$(inherited) @executable_path/Frameworks";
				PRODUCT_BUNDLE_IDENTIFIER = me.hitian.app.YunBuy;
				PRODUCT_NAME = "$(TARGET_NAME)";
				SWIFT_VERSION = 4.0;
				TARGETED_DEVICE_FAMILY = "1,2";
			};
			name = Debug;
		};
		080BDEA920490B0D00CD3235 /* Release */ = {
			isa = XCBuildConfiguration;
			buildSettings = {
				ASSETCATALOG_COMPILER_APPICON_NAME = AppIcon;
				CODE_SIGN_STYLE = Automatic;
				DEVELOPMENT_TEAM = WNLN854CHM;
				FRAMEWORK_SEARCH_PATHS = (
					"$(inherited)",
					"$(PROJECT_DIR)/Carthage/Build/iOS",
				);
				INFOPLIST_FILE = YunBuy/Info.plist;
				LD_RUNPATH_SEARCH_PATHS = "$(inherited) @executable_path/Frameworks";
				PRODUCT_BUNDLE_IDENTIFIER = me.hitian.app.YunBuy;
				PRODUCT_NAME = "$(TARGET_NAME)";
				SWIFT_VERSION = 4.0;
				TARGETED_DEVICE_FAMILY = "1,2";
			};
			name = Release;
		};
/* End XCBuildConfiguration section */

/* Begin XCConfigurationList section */
		080BDE9020490B0C00CD3235 /* Build configuration list for PBXProject "YunBuy" */ = {
			isa = XCConfigurationList;
			buildConfigurations = (
				080BDEA520490B0D00CD3235 /* Debug */,
				080BDEA620490B0D00CD3235 /* Release */,
			);
			defaultConfigurationIsVisible = 0;
			defaultConfigurationName = Release;
		};
		080BDEA720490B0D00CD3235 /* Build configuration list for PBXNativeTarget "YunBuy" */ = {
			isa = XCConfigurationList;
			buildConfigurations = (
				080BDEA820490B0D00CD3235 /* Debug */,
				080BDEA920490B0D00CD3235 /* Release */,
			);
			defaultConfigurationIsVisible = 0;
			defaultConfigurationName = Release;
		};
/* End XCConfigurationList section */
	};
	rootObject = 080BDE8D20490B0C00CD3235 /* Project object */;
}
